<?xml version="1.0" encoding="utf-8"?>
<Project ToolsVersion="4.0" xmlns="http://schemas.microsoft.com/developer/msbuild/2003">
  <ItemGroup>
    <None Include="..\Test_ImageSizer.html" />
    <None Include="..\css\StylesImageSizer.css" />
    <None Include="..\js\ScriptsImageSizer.js" />
    <None Include="..\js\ScriptsSplitterBar.js" />
    <None Include="..\css\StylesSplitterBar.css" />
    <None Include="..\Test_SplitterBar.html" />
    <None Include="..\Test_Draggable.html" />
    <None Include="..\Test_SlideInPanel.html" />
    <None Include="..\Test_SlideShow.html" />
    <None Include="..\css\StylesSlideInPanel.css" />
    <None Include="..\css\StylesSlideShow.css" />
    <None Include="..\js\ScriptsSlideInPanel.js" />
    <None Include="..\js\ScriptsSlideShow.js" />
    <None Include="..\js\ScriptsMenu.js" />
    <None Include="..\js\ScriptsMenuRepo.js" />
    <None Include="..\Test_Photo.html" />
    <None Include="..\CSS\StylesPhoto.css" />
    <None Include="..\js\ScriptsPhoto.js" />
  </ItemGroup>
</Project>